// !$*UTF8*$!
{
	archiveVersion = 1;
	classes = {
	};
	objectVersion = 48;
	objects = {

/* Begin PBXBuildFile section */
		22D11CF1A32CCB8EFD7DF0AC /* Pods_Snapchat.framework in Frameworks */ = {isa = PBXBuildFile; fileRef = 9D97A8EA43AFB8815C23C775 /* Pods_Snapchat.framework */; };
		8C8B7FEC20E1C8740030F2B9 /* AppDelegate.swift in Sources */ = {isa = PBXBuildFile; fileRef = 8C8B7FEB20E1C8740030F2B9 /* AppDelegate.swift */; };
		8C8B7FEE20E1C8740030F2B9 /* LoginViewController.swift in Sources */ = {isa = PBXBuildFile; fileRef = 8C8B7FED20E1C8740030F2B9 /* LoginViewController.swift */; };
		8C8B7FF120E1C8740030F2B9 /* Main.storyboard in Resources */ = {isa = PBXBuildFile; fileRef = 8C8B7FEF20E1C8740030F2B9 /* Main.storyboard */; };
		8C8B7FF320E1C8740030F2B9 /* Assets.xcassets in Resources */ = {isa = PBXBuildFile; fileRef = 8C8B7FF220E1C8740030F2B9 /* Assets.xcassets */; };
		8C8B7FF620E1C8740030F2B9 /* LaunchScreen.storyboard in Resources */ = {isa = PBXBuildFile; fileRef = 8C8B7FF420E1C8740030F2B9 /* LaunchScreen.storyboard */; };
		8C8B7FFE20E1CAFF0030F2B9 /* GoogleService-Info.plist in Resources */ = {isa = PBXBuildFile; fileRef = 8C8B7FFD20E1CAFF0030F2B9 /* GoogleService-Info.plist */; };
		8C90F07120E46DBA00536BB3 /* SnapsViewController.swift in Sources */ = {isa = PBXBuildFile; fileRef = 8C90F07020E46DBA00536BB3 /* SnapsViewController.swift */; };
		8C90F07320E46FDC00536BB3 /* PictureViewController.swift in Sources */ = {isa = PBXBuildFile; fileRef = 8C90F07220E46FDC00536BB3 /* PictureViewController.swift */; };
		8C96546020E496F90020D133 /* SelectUserViewController.swift in Sources */ = {isa = PBXBuildFile; fileRef = 8C96545F20E496F90020D133 /* SelectUserViewController.swift */; };
		8CCDC85A20E45A82007A47C0 /* User.swift in Sources */ = {isa = PBXBuildFile; fileRef = 8CCDC85920E45A81007A47C0 /* User.swift */; };
/* End PBXBuildFile section */

/* Begin PBXFileReference section */
		1A104F3E80E976BFC6485450 /* Pods-Snapchat.debug.xcconfig */ = {isa = PBXFileReference; includeInIndex = 1; lastKnownFileType = text.xcconfig; name = "Pods-Snapchat.debug.xcconfig"; path = "Pods/Target Support Files/Pods-Snapchat/Pods-Snapchat.debug.xcconfig"; sourceTree = "<group>"; };
		8C8B7FE820E1C8740030F2B9 /* Snapchat.app */ = {isa = PBXFileReference; explicitFileType = wrapper.application; includeInIndex = 0; path = Snapchat.app; sourceTree = BUILT_PRODUCTS_DIR; };
		8C8B7FEB20E1C8740030F2B9 /* AppDelegate.swift */ = {isa = PBXFileReference; lastKnownFileType = sourcecode.swift; path = AppDelegate.swift; sourceTree = "<group>"; };
		8C8B7FED20E1C8740030F2B9 /* LoginViewController.swift */ = {isa = PBXFileReference; lastKnownFileType = sourcecode.swift; path = LoginViewController.swift; sourceTree = "<group>"; };
		8C8B7FF020E1C8740030F2B9 /* Base */ = {isa = PBXFileReference; lastKnownFileType = file.storyboard; name = Base; path = Base.lproj/Main.storyboard; sourceTree = "<group>"; };
		8C8B7FF220E1C8740030F2B9 /* Assets.xcassets */ = {isa = PBXFileReference; lastKnownFileType = folder.assetcatalog; path = Assets.xcassets; sourceTree = "<group>"; };
		8C8B7FF520E1C8740030F2B9 /* Base */ = {isa = PBXFileReference; lastKnownFileType = file.storyboard; name = Base; path = Base.lproj/LaunchScreen.storyboard; sourceTree = "<group>"; };
		8C8B7FF720E1C8740030F2B9 /* Info.plist */ = {isa = PBXFileReference; lastKnownFileType = text.plist.xml; path = Info.plist; sourceTree = "<group>"; };
		8C8B7FFD20E1CAFF0030F2B9 /* GoogleService-Info.plist */ = {isa = PBXFileReference; fileEncoding = 4; lastKnownFileType = text.plist.xml; path = "GoogleService-Info.plist"; sourceTree = "<group>"; };
		8C90F07020E46DBA00536BB3 /* SnapsViewController.swift */ = {isa = PBXFileReference; lastKnownFileType = sourcecode.swift; path = SnapsViewController.swift; sourceTree = "<group>"; };
		8C90F07220E46FDC00536BB3 /* PictureViewController.swift */ = {isa = PBXFileReference; lastKnownFileType = sourcecode.swift; path = PictureViewController.swift; sourceTree = "<group>"; };
		8C96545F20E496F90020D133 /* SelectUserViewController.swift */ = {isa = PBXFileReference; lastKnownFileType = sourcecode.swift; path = SelectUserViewController.swift; sourceTree = "<group>"; };
		8CCDC85920E45A81007A47C0 /* User.swift */ = {isa = PBXFileReference; lastKnownFileType = sourcecode.swift; path = User.swift; sourceTree = "<group>"; };
		8CCDC85C20E45F6F007A47C0 /* Snapchat.entitlements */ = {isa = PBXFileReference; lastKnownFileType = text.plist.entitlements; path = Snapchat.entitlements; sourceTree = "<group>"; };
		9D97A8EA43AFB8815C23C775 /* Pods_Snapchat.framework */ = {isa = PBXFileReference; explicitFileType = wrapper.framework; includeInIndex = 0; path = Pods_Snapchat.framework; sourceTree = BUILT_PRODUCTS_DIR; };
		C069DBFDDE218F969D7BE1D0 /* Pods-Snapchat.release.xcconfig */ = {isa = PBXFileReference; includeInIndex = 1; lastKnownFileType = text.xcconfig; name = "Pods-Snapchat.release.xcconfig"; path = "Pods/Target Support Files/Pods-Snapchat/Pods-Snapchat.release.xcconfig"; sourceTree = "<group>"; };
/* End PBXFileReference section */

/* Begin PBXFrameworksBuildPhase section */
		8C8B7FE520E1C8740030F2B9 /* Frameworks */ = {
			isa = PBXFrameworksBuildPhase;
			buildActionMask = 2147483647;
			files = (
				22D11CF1A32CCB8EFD7DF0AC /* Pods_Snapchat.framework in Frameworks */,
			);
			runOnlyForDeploymentPostprocessing = 0;
		};
/* End PBXFrameworksBuildPhase section */

/* Begin PBXGroup section */
		773B67E0340658D53931A3DF /* Pods */ = {
			isa = PBXGroup;
			children = (
				1A104F3E80E976BFC6485450 /* Pods-Snapchat.debug.xcconfig */,
				C069DBFDDE218F969D7BE1D0 /* Pods-Snapchat.release.xcconfig */,
			);
			name = Pods;
			sourceTree = "<group>";
		};
		8C8B7FDF20E1C8740030F2B9 = {
			isa = PBXGroup;
			children = (
				8C8B7FEA20E1C8740030F2B9 /* Snapchat */,
				8C8B7FE920E1C8740030F2B9 /* Products */,
				773B67E0340658D53931A3DF /* Pods */,
				C2529F2270BA9FF592EB690A /* Frameworks */,
			);
			sourceTree = "<group>";
		};
		8C8B7FE920E1C8740030F2B9 /* Products */ = {
			isa = PBXGroup;
			children = (
				8C8B7FE820E1C8740030F2B9 /* Snapchat.app */,
			);
			name = Products;
			sourceTree = "<group>";
		};
		8C8B7FEA20E1C8740030F2B9 /* Snapchat */ = {
			isa = PBXGroup;
			children = (
				8CCDC85C20E45F6F007A47C0 /* Snapchat.entitlements */,
				8CCDC85B20E45A9F007A47C0 /* ViewControllers */,
				8C8B7FEB20E1C8740030F2B9 /* AppDelegate.swift */,
				8C8B7FED20E1C8740030F2B9 /* LoginViewController.swift */,
				8C90F07020E46DBA00536BB3 /* SnapsViewController.swift */,
				8C90F07220E46FDC00536BB3 /* PictureViewController.swift */,
				8C96545F20E496F90020D133 /* SelectUserViewController.swift */,
				8C8B7FEF20E1C8740030F2B9 /* Main.storyboard */,
				8C8B7FF220E1C8740030F2B9 /* Assets.xcassets */,
				8C8B7FF420E1C8740030F2B9 /* LaunchScreen.storyboard */,
				8C8B7FFD20E1CAFF0030F2B9 /* GoogleService-Info.plist */,
				8C8B7FF720E1C8740030F2B9 /* Info.plist */,
				8CCDC85920E45A81007A47C0 /* User.swift */,
			);
			path = Snapchat;
			sourceTree = "<group>";
		};
		8CCDC85B20E45A9F007A47C0 /* ViewControllers */ = {
			isa = PBXGroup;
			children = (
			);
			path = ViewControllers;
			sourceTree = "<group>";
		};
		C2529F2270BA9FF592EB690A /* Frameworks */ = {
			isa = PBXGroup;
			children = (
				9D97A8EA43AFB8815C23C775 /* Pods_Snapchat.framework */,
			);
			name = Frameworks;
			sourceTree = "<group>";
		};
/* End PBXGroup section */

/* Begin PBXNativeTarget section */
		8C8B7FE720E1C8740030F2B9 /* Snapchat */ = {
			isa = PBXNativeTarget;
			buildConfigurationList = 8C8B7FFA20E1C8740030F2B9 /* Build configuration list for PBXNativeTarget "Snapchat" */;
			buildPhases = (
				873DC9A13668E195F5D637B8 /* [CP] Check Pods Manifest.lock */,
				8C8B7FE420E1C8740030F2B9 /* Sources */,
				8C8B7FE520E1C8740030F2B9 /* Frameworks */,
				8C8B7FE620E1C8740030F2B9 /* Resources */,
				E6490A2EC72177B11745B6E5 /* [CP] Embed Pods Frameworks */,
			);
			buildRules = (
			);
			dependencies = (
			);
			name = Snapchat;
			productName = Snapchat;
			productReference = 8C8B7FE820E1C8740030F2B9 /* Snapchat.app */;
			productType = "com.apple.product-type.application";
		};
/* End PBXNativeTarget section */

/* Begin PBXProject section */
		8C8B7FE020E1C8740030F2B9 /* Project object */ = {
			isa = PBXProject;
			attributes = {
				LastSwiftUpdateCheck = 0920;
				LastUpgradeCheck = 0920;
				ORGANIZATIONNAME = tessa;
				TargetAttributes = {
					8C8B7FE720E1C8740030F2B9 = {
						CreatedOnToolsVersion = 9.2;
						ProvisioningStyle = Automatic;
						SystemCapabilities = {
							com.apple.Keychain = {
								enabled = 1;
							};
						};
					};
				};
			};
			buildConfigurationList = 8C8B7FE320E1C8740030F2B9 /* Build configuration list for PBXProject "Snapchat" */;
			compatibilityVersion = "Xcode 8.0";
			developmentRegion = en;
			hasScannedForEncodings = 0;
			knownRegions = (
				en,
				Base,
			);
			mainGroup = 8C8B7FDF20E1C8740030F2B9;
			productRefGroup = 8C8B7FE920E1C8740030F2B9 /* Products */;
			projectDirPath = "";
			projectRoot = "";
			targets = (
				8C8B7FE720E1C8740030F2B9 /* Snapchat */,
			);
		};
/* End PBXProject section */

/* Begin PBXResourcesBuildPhase section */
		8C8B7FE620E1C8740030F2B9 /* Resources */ = {
			isa = PBXResourcesBuildPhase;
			buildActionMask = 2147483647;
			files = (
				8C8B7FF620E1C8740030F2B9 /* LaunchScreen.storyboard in Resources */,
				8C8B7FFE20E1CAFF0030F2B9 /* GoogleService-Info.plist in Resources */,
				8C8B7FF320E1C8740030F2B9 /* Assets.xcassets in Resources */,
				8C8B7FF120E1C8740030F2B9 /* Main.storyboard in Resources */,
			);
			runOnlyForDeploymentPostprocessing = 0;
		};
/* End PBXResourcesBuildPhase section */

/* Begin PBXShellScriptBuildPhase section */
		873DC9A13668E195F5D637B8 /* [CP] Check Pods Manifest.lock */ = {
			isa = PBXShellScriptBuildPhase;
			buildActionMask = 2147483647;
			files = (
			);
			inputPaths = (
				"${PODS_PODFILE_DIR_PATH}/Podfile.lock",
				"${PODS_ROOT}/Manifest.lock",
			);
			name = "[CP] Check Pods Manifest.lock";
			outputPaths = (
				"$(DERIVED_FILE_DIR)/Pods-Snapchat-checkManifestLockResult.txt",
			);
			runOnlyForDeploymentPostprocessing = 0;
			shellPath = /bin/sh;
			shellScript = "diff \"${PODS_PODFILE_DIR_PATH}/Podfile.lock\" \"${PODS_ROOT}/Manifest.lock\" > /dev/null\nif [ $? != 0 ] ; then\n    # print error to STDERR\n    echo \"error: The sandbox is not in sync with the Podfile.lock. Run 'pod install' or update your CocoaPods installation.\" >&2\n    exit 1\nfi\n# This output is used by Xcode 'outputs' to avoid re-running this script phase.\necho \"SUCCESS\" > \"${SCRIPT_OUTPUT_FILE_0}\"\n";
			showEnvVarsInLog = 0;
		};
		E6490A2EC72177B11745B6E5 /* [CP] Embed Pods Frameworks */ = {
			isa = PBXShellScriptBuildPhase;
			buildActionMask = 2147483647;
			files = (
			);
			inputPaths = (
				"${SRCROOT}/Pods/Target Support Files/Pods-Snapchat/Pods-Snapchat-frameworks.sh",
				"${BUILT_PRODUCTS_DIR}/GTMSessionFetcher/GTMSessionFetcher.framework",
				"${BUILT_PRODUCTS_DIR}/GoogleToolboxForMac/GoogleToolboxForMac.framework",
				"${BUILT_PRODUCTS_DIR}/leveldb-library/leveldb.framework",
				"${BUILT_PRODUCTS_DIR}/nanopb/nanopb.framework",
			);
			name = "[CP] Embed Pods Frameworks";
			outputPaths = (
				"${TARGET_BUILD_DIR}/${FRAMEWORKS_FOLDER_PATH}/GTMSessionFetcher.framework",
				"${TARGET_BUILD_DIR}/${FRAMEWORKS_FOLDER_PATH}/GoogleToolboxForMac.framework",
				"${TARGET_BUILD_DIR}/${FRAMEWORKS_FOLDER_PATH}/leveldb.framework",
				"${TARGET_BUILD_DIR}/${FRAMEWORKS_FOLDER_PATH}/nanopb.framework",
			);
			runOnlyForDeploymentPostprocessing = 0;
			shellPath = /bin/sh;
			shellScript = "\"${SRCROOT}/Pods/Target Support Files/Pods-Snapchat/Pods-Snapchat-frameworks.sh\"\n";
			showEnvVarsInLog = 0;
		};
/* End PBXShellScriptBuildPhase section */

/* Begin PBXSourcesBuildPhase section */
		8C8B7FE420E1C8740030F2B9 /* Sources */ = {
			isa = PBXSourcesBuildPhase;
			buildActionMask = 2147483647;
			files = (
				8C90F07120E46DBA00536BB3 /* SnapsViewController.swift in Sources */,
				8C8B7FEE20E1C8740030F2B9 /* LoginViewController.swift in Sources */,
				8C8B7FEC20E1C8740030F2B9 /* AppDelegate.swift in Sources */,
				8C96546020E496F90020D133 /* SelectUserViewController.swift in Sources */,
				8CCDC85A20E45A82007A47C0 /* User.swift in Sources */,
				8C90F07320E46FDC00536BB3 /* PictureViewController.swift in Sources */,
			);
			runOnlyForDeploymentPostprocessing = 0;
		};
/* End PBXSourcesBuildPhase section */

/* Begin PBXVariantGroup section */
		8C8B7FEF20E1C8740030F2B9 /* Main.storyboard */ = {
			isa = PBXVariantGroup;
			children = (
				8C8B7FF020E1C8740030F2B9 /* Base */,
			);
			name = Main.storyboard;
			sourceTree = "<group>";
		};
		8C8B7FF420E1C8740030F2B9 /* LaunchScreen.storyboard */ = {
			isa = PBXVariantGroup;
			children = (
				8C8B7FF520E1C8740030F2B9 /* Base */,
			);
			name = LaunchScreen.storyboard;
			sourceTree = "<group>";
		};
/* End PBXVariantGroup section */

/* Begin XCBuildConfiguration section */
		8C8B7FF820E1C8740030F2B9 /* Debug */ = {
			isa = XCBuildConfiguration;
			buildSettings = {
				ALWAYS_SEARCH_USER_PATHS = NO;
				CLANG_ANALYZER_NONNULL = YES;
				CLANG_ANALYZER_NUMBER_OBJECT_CONVERSION = YES_AGGRESSIVE;
				CLANG_CXX_LANGUAGE_STANDARD = "gnu++14";
				CLANG_CXX_LIBRARY = "libc++";
				CLANG_ENABLE_MODULES = YES;
				CLANG_ENABLE_OBJC_ARC = YES;
				CLANG_WARN_BLOCK_CAPTURE_AUTORELEASING = YES;
				CLANG_WARN_BOOL_CONVERSION = YES;
				CLANG_WARN_COMMA = YES;
				CLANG_WARN_CONSTANT_CONVERSION = YES;
				CLANG_WARN_DIRECT_OBJC_ISA_USAGE = YES_ERROR;
				CLANG_WARN_DOCUMENTATION_COMMENTS = YES;
				CLANG_WARN_EMPTY_BODY = YES;
				CLANG_WARN_ENUM_CONVERSION = YES;
				CLANG_WARN_INFINITE_RECURSION = YES;
				CLANG_WARN_INT_CONVERSION = YES;
				CLANG_WARN_NON_LITERAL_NULL_CONVERSION = YES;
				CLANG_WARN_OBJC_LITERAL_CONVERSION = YES;
				CLANG_WARN_OBJC_ROOT_CLASS = YES_ERROR;
				CLANG_WARN_RANGE_LOOP_ANALYSIS = YES;
				CLANG_WARN_STRICT_PROTOTYPES = YES;
				CLANG_WARN_SUSPICIOUS_MOVE = YES;
				CLANG_WARN_UNGUARDED_AVAILABILITY = YES_AGGRESSIVE;
				CLANG_WARN_UNREACHABLE_CODE = YES;
				CLANG_WARN__DUPLICATE_METHOD_MATCH = YES;
				CODE_SIGN_IDENTITY = "iPhone Developer";
				COPY_PHASE_STRIP = NO;
				DEBUG_ACTIVITY_MODE = "";
				"DEBUG_ACTIVITY_MODE[arch=*]" = disable;
				DEBUG_INFORMATION_FORMAT = dwarf;
				ENABLE_STRICT_OBJC_MSGSEND = YES;
				ENABLE_TESTABILITY = YES;
				GCC_C_LANGUAGE_STANDARD = gnu11;
				GCC_DYNAMIC_NO_PIC = NO;
				GCC_NO_COMMON_BLOCKS = YES;
				GCC_OPTIMIZATION_LEVEL = 0;
				GCC_PREPROCESSOR_DEFINITIONS = (
					"DEBUG=1",
					"$(inherited)",
				);
				GCC_WARN_64_TO_32_BIT_CONVERSION = YES;
				GCC_WARN_ABOUT_RETURN_TYPE = YES_ERROR;
				GCC_WARN_UNDECLARED_SELECTOR = YES;
				GCC_WARN_UNINITIALIZED_AUTOS = YES_AGGRESSIVE;
				GCC_WARN_UNUSED_FUNCTION = YES;
				GCC_WARN_UNUSED_VARIABLE = YES;
				IPHONEOS_DEPLOYMENT_TARGET = 11.2;
				MTL_ENABLE_DEBUG_INFO = YES;
				ONLY_ACTIVE_ARCH = YES;
				SDKROOT = iphoneos;
				SWIFT_ACTIVE_COMPILATION_CONDITIONS = DEBUG;
				SWIFT_OPTIMIZATION_LEVEL = "-Onone";
			};
			name = Debug;
		};
		8C8B7FF920E1C8740030F2B9 /* Release */ = {
			isa = XCBuildConfiguration;
			buildSettings = {
				ALWAYS_SEARCH_USER_PATHS = NO;
				CLANG_ANALYZER_NONNULL = YES;
				CLANG_ANALYZER_NUMBER_OBJECT_CONVERSION = YES_AGGRESSIVE;
				CLANG_CXX_LANGUAGE_STANDARD = "gnu++14";
				CLANG_CXX_LIBRARY = "libc++";
				CLANG_ENABLE_MODULES = YES;
				CLANG_ENABLE_OBJC_ARC = YES;
				CLANG_WARN_BLOCK_CAPTURE_AUTORELEASING = YES;
				CLANG_WARN_BOOL_CONVERSION = YES;
				CLANG_WARN_COMMA = YES;
				CLANG_WARN_CONSTANT_CONVERSION = YES;
				CLANG_WARN_DIRECT_OBJC_ISA_USAGE = YES_ERROR;
				CLANG_WARN_DOCUMENTATION_COMMENTS = YES;
				CLANG_WARN_EMPTY_BODY = YES;
				CLANG_WARN_ENUM_CONVERSION = YES;
				CLANG_WARN_INFINITE_RECURSION = YES;
				CLANG_WARN_INT_CONVERSION = YES;
				CLANG_WARN_NON_LITERAL_NULL_CONVERSION = YES;
				CLANG_WARN_OBJC_LITERAL_CONVERSION = YES;
				CLANG_WARN_OBJC_ROOT_CLASS = YES_ERROR;
				CLANG_WARN_RANGE_LOOP_ANALYSIS = YES;
				CLANG_WARN_STRICT_PROTOTYPES = YES;
				CLANG_WARN_SUSPICIOUS_MOVE = YES;
				CLANG_WARN_UNGUARDED_AVAILABILITY = YES_AGGRESSIVE;
				CLANG_WARN_UNREACHABLE_CODE = YES;
				CLANG_WARN__DUPLICATE_METHOD_MATCH = YES;
				CODE_SIGN_IDENTITY = "iPhone Developer";
				COPY_PHASE_STRIP = NO;
				DEBUG_ACTIVITY_MODE = "";
				DEBUG_INFORMATION_FORMAT = "dwarf-with-dsym";
				ENABLE_NS_ASSERTIONS = NO;
				ENABLE_STRICT_OBJC_MSGSEND = YES;
				GCC_C_LANGUAGE_STANDARD = gnu11;
				GCC_NO_COMMON_BLOCKS = YES;
				GCC_WARN_64_TO_32_BIT_CONVERSION = YES;
				GCC_WARN_ABOUT_RETURN_TYPE = YES_ERROR;
				GCC_WARN_UNDECLARED_SELECTOR = YES;
				GCC_WARN_UNINITIALIZED_AUTOS = YES_AGGRESSIVE;
				GCC_WARN_UNUSED_FUNCTION = YES;
				GCC_WARN_UNUSED_VARIABLE = YES;
				IPHONEOS_DEPLOYMENT_TARGET = 11.2;
				MTL_ENABLE_DEBUG_INFO = NO;
				SDKROOT = iphoneos;
				SWIFT_OPTIMIZATION_LEVEL = "-Owholemodule";
				VALIDATE_PRODUCT = YES;
			};
			name = Release;
		};
		8C8B7FFB20E1C8740030F2B9 /* Debug */ = {
			isa = XCBuildConfiguration;
			baseConfigurationReference = 1A104F3E80E976BFC6485450 /* Pods-Snapchat.debug.xcconfig */;
			buildSettings = {
				ASSETCATALOG_COMPILER_APPICON_NAME = AppIcon;
				CODE_SIGN_ENTITLEMENTS = Snapchat/Snapchat.entitlements;
				"CODE_SIGN_IDENTITY[sdk=iphoneos*]" = "iPhone Developer";
				CODE_SIGN_STYLE = Automatic;
				DEBUG_ACTIVITY_MODE = "";
				DEVELOPMENT_TEAM = KD43HVMP94;
				INFOPLIST_FILE = Snapchat/Info.plist;
				IPHONEOS_DEPLOYMENT_TARGET = 11.2;
				PRODUCT_BUNDLE_IDENTIFIER = tessa.Snapchat;
				PRODUCT_NAME = "$(TARGET_NAME)";
				PROVISIONING_PROFILE_SPECIFIER = "";
				SWIFT_VERSION = 4.0;
				TARGETED_DEVICE_FAMILY = "1,2";
			};
			name = Debug;
		};
		8C8B7FFC20E1C8740030F2B9 /* Release */ = {
			isa = XCBuildConfiguration;
			baseConfigurationReference = C069DBFDDE218F969D7BE1D0 /* Pods-Snapchat.release.xcconfig */;
			buildSettings = {
				ASSETCATALOG_COMPILER_APPICON_NAME = AppIcon;
				CODE_SIGN_ENTITLEMENTS = Snapchat/Snapchat.entitlements;
				"CODE_SIGN_IDENTITY[sdk=iphoneos*]" = "iPhone Developer";
				CODE_SIGN_STYLE = Automatic;
				DEBUG_ACTIVITY_MODE = "";
				DEVELOPMENT_TEAM = KD43HVMP94;
				INFOPLIST_FILE = Snapchat/Info.plist;
				IPHONEOS_DEPLOYMENT_TARGET = 11.2;
				PRODUCT_BUNDLE_IDENTIFIER = tessa.Snapchat;
				PRODUCT_NAME = "$(TARGET_NAME)";
				PROVISIONING_PROFILE_SPECIFIER = "";
				SWIFT_VERSION = 4.0;
				TARGETED_DEVICE_FAMILY = "1,2";
			};
			name = Release;
		};
/* End XCBuildConfiguration section */

/* Begin XCConfigurationList section */
		8C8B7FE320E1C8740030F2B9 /* Build configuration list for PBXProject "Snapchat" */ = {
			isa = XCConfigurationList;
			buildConfigurations = (
				8C8B7FF820E1C8740030F2B9 /* Debug */,
				8C8B7FF920E1C8740030F2B9 /* Release */,
			);
			defaultConfigurationIsVisible = 0;
			defaultConfigurationName = Release;
		};
		8C8B7FFA20E1C8740030F2B9 /* Build configuration list for PBXNativeTarget "Snapchat" */ = {
			isa = XCConfigurationList;
			buildConfigurations = (
				8C8B7FFB20E1C8740030F2B9 /* Debug */,
				8C8B7FFC20E1C8740030F2B9 /* Release */,
			);
			defaultConfigurationIsVisible = 0;
			defaultConfigurationName = Release;
		};
/* End XCConfigurationList section */
	};
	rootObject = 8C8B7FE020E1C8740030F2B9 /* Project object */;
}
